<?xml version="1.0" encoding="utf-8"?>
<Project ToolsVersion="4.0" xmlns="http://schemas.microsoft.com/developer/msbuild/2003">
  <ItemGroup>
    <Filter Include="Source Files">
      <UniqueIdentifier>{4FC737F1-C7A5-4376-A066-2A32D752A2FF}</UniqueIdentifier>
      <Extensions>cpp;c;cc;cxx;def;odl;idl;hpj;bat;asm;asmx</Extensions>
    </Filter>
    <Filter Include="Header Files">
      <UniqueIdentifier>{93995380-89BD-4b04-88EB-625FBE52EBFB}</UniqueIdentifier>
      <Extensions>h;hh;hpp;hxx;hm;inl;inc;ipp;xsd</Extensions>
    </Filter>
    <Filter Include="Resource Files">
      <UniqueIdentifier>{67DA6AB6-F800-4c08-8B7A-83BB121AAD01}</UniqueIdentifier>
      <Extensions>rc;ico;cur;bmp;dlg;rc2;rct;bin;rgs;gif;jpg;jpeg;jpe;resx;tiff;tif;png;wav;mfcribbon-ms</Extensions>
    </Filter>
    <Filter Include="Include">
      <UniqueIdentifier>{fa9d7090-192a-4d36-aaea-54d4cdac0a42}</UniqueIdentifier>
    </Filter>
    <Filter Include="Include\glad">
      <UniqueIdentifier>{8d61fdfb-e394-407e-93d1-0d03ed1353ae}</UniqueIdentifier>
    </Filter>
    <Filter Include="Include\GLFW">
      <UniqueIdentifier>{439e40f3-a9c9-4bad-9afc-e1d359b15152}</UniqueIdentifier>
    </Filter>
    <Filter Include="Include\KHR">
      <UniqueIdentifier>{f23ca254-7ebe-4d9c-9b8d-52fb651ff724}</UniqueIdentifier>
    </Filter>
    <Filter Include="Src">
      <UniqueIdentifier>{b42eacc6-20e8-4ed2-8a02-ba07d8c4f1c2}</UniqueIdentifier>
    </Filter>
    <Filter Include="Shader">
      <UniqueIdentifier>{cafb0b8c-976c-474c-b774-61d9fa7592e0}</UniqueIdentifier>
    </Filter>
  </ItemGroup>
  <ItemGroup>
    <ClInclude Include="Inclue\glad\glad.h">
      <Filter>Include\glad</Filter>
    </ClInclude>
    <ClInclude Include="Inclue\GLFW\glfw3.h">
      <Filter>Include\GLFW</Filter>
    </ClInclude>
    <ClInclude Include="Inclue\GLFW\glfw3native.h">
      <Filter>Include\GLFW</Filter>
    </ClInclude>
    <ClInclude Include="Inclue\KHR\khrplatform.h">
      <Filter>Include\KHR</Filter>
    </ClInclude>
    <ClInclude Include="Inclue\DrawTriangle.h">
      <Filter>Include</Filter>
    </ClInclude>
    <ClInclude Include="pch.h">
      <Filter>Include</Filter>
    </ClInclude>
    <ClInclude Include="Inclue\ReadShader.h">
      <Filter>Include</Filter>
    </ClInclude>
    <ClInclude Include="Inclue\stb_image.h">
      <Filter>Include</Filter>
    </ClInclude>
  </ItemGroup>
  <ItemGroup>
    <ClCompile Include="OpenGLWin.cpp">
      <Filter>Source Files</Filter>
    </ClCompile>
    <ClCompile Include="glad.c">
      <Filter>Source Files</Filter>
    </ClCompile>
    <ClCompile Include="pch.cpp">
      <Filter>Source Files</Filter>
    </ClCompile>
    <ClCompile Include="Src\DrawTriangle.cpp">
      <Filter>Src</Filter>
    </ClCompile>
    <ClCompile Include="Src\ReadShader.cpp">
      <Filter>Src</Filter>
    </ClCompile>
    <ClCompile Include="Src\MySelfStbImage.cpp">
      <Filter>Src</Filter>
    </ClCompile>
  </ItemGroup>
  <ItemGroup>
    <None Include="Shader\vertex.vs">
      <Filter>Shader</Filter>
    </None>
  </ItemGroup>
</Project>